
Microsoft Visual Studio Solution File, Format Version 12.00
# Visual Studio Version 16
VisualStudioVersion = 16.0.31129.286
MinimumVisualStudioVersion = 10.0.40219.1
Project("{FAE04EC0-301F-11D3-BF4B-00C04F79EFBC}") = "library-customer-web", "library-customer-web\library-customer-web.csproj", "{AAE9EB85-9AFC-4711-8E80-04844F264F58}"
EndProject
Global
	GlobalSection(SolutionConfigurationPlatforms) = preSolution
		Debug|Any CPU = Debug|Any CPU
		Release|Any CPU = Release|Any CPU
	EndGlobalSection
	GlobalSection(ProjectConfigurationPlatforms) = postSolution
		{AAE9EB85-9AFC-4711-8E80-04844F264F58}.Debug|Any CPU.ActiveCfg = Debug|Any CPU
		{AAE9EB85-9AFC-4711-8E80-04844F264F58}.Debug|Any CPU.Build.0 = Debug|Any CPU
		{AAE9EB85-9AFC-4711-8E80-04844F264F58}.Release|Any CPU.ActiveCfg = Release|Any CPU
		{AAE9EB85-9AFC-4711-8E80-04844F264F58}.Release|Any CPU.Build.0 = Release|Any CPU
	EndGlobalSection
	GlobalSection(SolutionProperties) = preSolution
		HideSolutionNode = FALSE
	EndGlobalSection
	GlobalSection(ExtensibilityGlobals) = postSolution
		SolutionGuid = {44544944-B9F1-4689-A774-58FA2F5B02F0}
	EndGlobalSection
EndGlobal
